{
  "name": "angular-sample-app",
  "version": "0.0.0",
  "lockfileVersion": 1,
  "requires": true,
  "dependencies": {
    "@abgov/styles": {
      "version": "1.0.0-alpha.1",
      "resolved": "https://registry.npmjs.org/@abgov/styles/-/styles-1.0.0-alpha.1.tgz",
      "integrity": "sha512-sGEyBMRxQ/9IDDXQdtLKtKlUSMnMDdjd+t+7PUkLzoVWNiXpHoSs9/jYeaToqu2YeAUdHtpUoj+A6ECLv89Z4g=="
    },
    "@abgov/web-components": {
      "version": "1.0.0-alpha.14",
      "resolved": "https://registry.npmjs.org/@abgov/web-components/-/web-components-1.0.0-alpha.14.tgz",
      "integrity": "sha512-UuTiQXd8OhkH7Lxh7OVEi6gGYIE3NHt75P5+H+bc4PqL7tmQkur0us7/fZTjIMHucFyrnWkMwqifM0MrYAzqmQ=="
    }
  }
}
