{
  "name": "angular-sample-app",
  "version": "0.0.0",
  "lockfileVersion": 1,
  "requires": true,
  "dependencies": {
    "@abgov/styles": {
      "version": "1.0.0-alpha.6",
      "resolved": "https://registry.npmjs.org/@abgov/styles/-/styles-1.0.0-alpha.6.tgz",
      "integrity": "sha512-jLBZ5ivynCqQLikdc09dKPP5/h8uh23u2oP+vbn65S1aTlIsYJTIsGruGKO7PupFN5ZLGVmqeMgqny69x1HwQg=="
    }
  }
}
