{
  "name": "angular-sample-app",
  "version": "0.0.0",
  "lockfileVersion": 1,
  "requires": true,
  "dependencies": {
    "@abgov/styles": {
      "version": "1.0.0-alpha.3",
      "resolved": "https://registry.npmjs.org/@abgov/styles/-/styles-1.0.0-alpha.3.tgz",
      "integrity": "sha512-9RYAy5a8cfg3ZGxzUgIXnKcWXzCRo+Ss/228kw2k4UnPLNbEHhRcDoh9aSewQjgsYZ9x++lO5j67sBsTi72EEQ=="
    },
    "@abgov/web-components": {
      "version": "1.0.0-alpha.25",
      "resolved": "https://registry.npmjs.org/@abgov/web-components/-/web-components-1.0.0-alpha.25.tgz",
      "integrity": "sha512-tg0QTho5ERXcLRS+AmZ9dVEZ3TtCFXEljAtWrNS37i3n8PSYqAQMqrIRz8o/oGD5z8DvXbGg5vUzL1krROrHxg=="
    }
  }
}
