{
  "name": "angular-demo",
  "version": "0.0.0",
  "lockfileVersion": 2,
  "requires": true,
  "packages": {
    "": {
      "version": "0.0.0",
      "dependencies": {
        "@abgov/styles": "1.0.0-alpha.8"
      }
    },
    "node_modules/@abgov/styles": {
      "version": "1.0.0-alpha.8",
      "resolved": "https://registry.npmjs.org/@abgov/styles/-/styles-1.0.0-alpha.8.tgz",
      "integrity": "sha512-JWCoHlpBvK9J9e5VAT4GlcRpA/dqhq2/bf83ShKpBRPEHL0E3MjA54Yf5+jV+ZUcMU4zjic1dJ8rjRtKYKEqZQ=="
    }
  },
  "dependencies": {
    "@abgov/styles": {
      "version": "1.0.0-alpha.8",
      "resolved": "https://registry.npmjs.org/@abgov/styles/-/styles-1.0.0-alpha.8.tgz",
      "integrity": "sha512-JWCoHlpBvK9J9e5VAT4GlcRpA/dqhq2/bf83ShKpBRPEHL0E3MjA54Yf5+jV+ZUcMU4zjic1dJ8rjRtKYKEqZQ=="
    }
  }
}
