{
  "name": "@abgov/docs",
  "version": "0.0.1",
  "lockfileVersion": 2,
  "requires": true,
  "packages": {
    "": {
      "name": "@abgov/docs",
      "version": "0.0.1",
      "dependencies": {
        "ionicons": "^6.0.0"
      }
    },
    "node_modules/@stencil/core": {
      "version": "2.10.0",
      "resolved": "https://registry.npmjs.org/@stencil/core/-/core-2.10.0.tgz",
      "integrity": "sha512-15rWMTPQ/sp0lSV82HVCXkIya3QLN+uBl7pqK4JnTrp4HiLrzLmNbWjbvgCs55gw0lULbCIGbRIEsFz+Pe/Q+A==",
      "bin": {
        "stencil": "bin/stencil"
      },
      "engines": {
        "node": ">=12.10.0",
        "npm": ">=6.0.0"
      }
    },
    "node_modules/ionicons": {
      "version": "6.0.0",
      "resolved": "https://registry.npmjs.org/ionicons/-/ionicons-6.0.0.tgz",
      "integrity": "sha512-p83W1T8jZUlllHAjuIWaDQbI36OYqdrwcf8MhYbKW7+9rjGlCMP9+5OaR0W7tl0QfM004uAiy/zkc7HTpDNKgA==",
      "dependencies": {
        "@stencil/core": "~2.10.0"
      }
    }
  },
  "dependencies": {
    "@stencil/core": {
      "version": "2.10.0",
      "resolved": "https://registry.npmjs.org/@stencil/core/-/core-2.10.0.tgz",
      "integrity": "sha512-15rWMTPQ/sp0lSV82HVCXkIya3QLN+uBl7pqK4JnTrp4HiLrzLmNbWjbvgCs55gw0lULbCIGbRIEsFz+Pe/Q+A=="
    },
    "ionicons": {
      "version": "6.0.0",
      "resolved": "https://registry.npmjs.org/ionicons/-/ionicons-6.0.0.tgz",
      "integrity": "sha512-p83W1T8jZUlllHAjuIWaDQbI36OYqdrwcf8MhYbKW7+9rjGlCMP9+5OaR0W7tl0QfM004uAiy/zkc7HTpDNKgA==",
      "requires": {
        "@stencil/core": "~2.10.0"
      }
    }
  }
}
