{
  "name": "docs",
  "version": "0.0.1",
  "lockfileVersion": 3,
  "requires": true,
  "packages": {
    "": {
      "name": "docs",
      "version": "0.0.1",
      "dependencies": {
        "@abgov/design-tokens-v2": "npm:@abgov/design-tokens@^2.0.0",
        "@abgov/react-components": "*",
        "@abgov/ui-components-common": "*",
        "@abgov/web-components": "*"
      }
    },
    "node_modules/@abgov/design-tokens-v2": {
      "name": "@abgov/design-tokens",
      "version": "2.0.0",
      "resolved": "https://registry.npmjs.org/@abgov/design-tokens/-/design-tokens-2.0.0.tgz",
      "integrity": "sha512-vmkM3AWHqlvBav1iPYhI9Y8ZTL2c3qTc3whaNdPTFlOpoC4LJR/oMQUgSeafLygSuAHrAr4iuTdK/CUbgVKHtA=="
    },
    "node_modules/@abgov/react-components": {
      "version": "6.9.3",
      "resolved": "https://registry.npmjs.org/@abgov/react-components/-/react-components-6.9.3.tgz",
      "integrity": "sha512-DNGqOQ0BGuqnuCr2nbCBCWBy03bkWJbeRdjd58LU4Xsz06MM/G7QPhpdw0sSooPOTYY0w1mCKBiqv9t++ryF9Q==",
      "license": "Apache-2.0",
      "peerDependencies": {
        "@types/react": "^17.0.0 || ^18.0.0 || ^19.0.0",
        "react": "^17.0.0 || ^18.0.0 || ^19.0.0",
        "react-dom": "^17.0.0 || ^18.0.0 || ^19.0.0"
      }
    },
    "node_modules/@abgov/ui-components-common": {
      "version": "1.9.1",
      "resolved": "https://registry.npmjs.org/@abgov/ui-components-common/-/ui-components-common-1.9.1.tgz",
      "integrity": "sha512-ny1+0YVLNOgIZFycnDbl2Skv5lRPr7XRXr2Y9tSG8MRJBq1IeW9vwUF7I9wNvYc1j6k+PAQK2fukQ/AUkECZ3A==",
      "license": "Apache-2.0"
    },
    "node_modules/@abgov/web-components": {
      "version": "1.39.3",
      "resolved": "https://registry.npmjs.org/@abgov/web-components/-/web-components-1.39.3.tgz",
      "integrity": "sha512-SIjYxOSsQzGlHmSUJvZVx/N6hOZ4JhItO8Z2xTHj0UCZg3Q40v6l8Z5L8shBO4GZ20o51SC3oEIvewfLOtnAXw==",
      "license": "Apache-2.0"
    },
    "node_modules/@types/react": {
      "version": "19.2.7",
      "resolved": "https://registry.npmjs.org/@types/react/-/react-19.2.7.tgz",
      "integrity": "sha512-MWtvHrGZLFttgeEj28VXHxpmwYbor/ATPYbBfSFZEIRK0ecCFLl2Qo55z52Hss+UV9CRN7trSeq1zbgx7YDWWg==",
      "license": "MIT",
      "peer": true,
      "dependencies": {
        "csstype": "^3.2.2"
      }
    },
    "node_modules/csstype": {
      "version": "3.2.3",
      "resolved": "https://registry.npmjs.org/csstype/-/csstype-3.2.3.tgz",
      "integrity": "sha512-z1HGKcYy2xA8AGQfwrn0PAy+PB7X/GSj3UVJW9qKyn43xWa+gl5nXmU4qqLMRzWVLFC8KusUX8T/0kCiOYpAIQ==",
      "license": "MIT"
    },
    "node_modules/react": {
      "version": "19.2.3",
      "resolved": "https://registry.npmjs.org/react/-/react-19.2.3.tgz",
      "integrity": "sha512-Ku/hhYbVjOQnXDZFv2+RibmLFGwFdeeKHFcOTlrt7xplBnya5OGn/hIRDsqDiSUcfORsDC7MPxwork8jBwsIWA==",
      "license": "MIT",
      "peer": true,
      "engines": {
        "node": ">=0.10.0"
      }
    },
    "node_modules/react-dom": {
      "version": "19.2.3",
      "resolved": "https://registry.npmjs.org/react-dom/-/react-dom-19.2.3.tgz",
      "integrity": "sha512-yELu4WmLPw5Mr/lmeEpox5rw3RETacE++JgHqQzd2dg+YbJuat3jH4ingc+WPZhxaoFzdv9y33G+F7Nl5O0GBg==",
      "license": "MIT",
      "peer": true,
      "dependencies": {
        "scheduler": "^0.27.0"
      },
      "peerDependencies": {
        "react": "^19.2.3"
      }
    },
    "node_modules/scheduler": {
      "version": "0.27.0",
      "resolved": "https://registry.npmjs.org/scheduler/-/scheduler-0.27.0.tgz",
      "integrity": "sha512-eNv+WrVbKu1f3vbYJT/xtiF5syA5HPIMtf9IgY/nKg0sWqzAUEvqY/xm7OcZc/qafLx/iO9FgOmeSAp4v5ti/Q==",
      "license": "MIT"
    }
  }
}
