{
  "name": "@abgov/angular-components",
  "version": "0.0.1",
  "lockfileVersion": 3,
  "requires": true,
  "packages": {
    "": {
      "name": "@abgov/angular-components",
      "version": "0.0.1",
      "license": "Apache-2.0",
      "peerDependencies": {
        "@abgov/ui-components-common": "^0.0.0 || ^1.0.0",
        "@angular/common": "^17.0.0 || ^18.0.0 || ^19.0.0 || ^20.0.0",
        "@angular/core": "^17.0.0 || ^18.0.0 || ^19.0.0 || ^20.0.0",
        "@angular/forms": "^17.0.0 || ^18.0.0 || ^19.0.0 || ^20.0.0"
      }
    }
  }
}
