{
  "name": "@abgov/angular-components",
  "version": "0.0.1",
  "lockfileVersion": 3,
  "requires": true,
  "packages": {
    "": {
      "name": "@abgov/angular-components",
      "version": "0.0.1",
      "license": "Apache-2.0",
      "peerDependencies": {
        "@angular/core": "18.0.3",
        "@angular/forms": "18.0.3"
      }
    },
    "node_modules/@angular/common": {
      "version": "18.0.3",
      "resolved": "https://registry.npmjs.org/@angular/common/-/common-18.0.3.tgz",
      "integrity": "sha512-lmT9QbWHduqzpsB0osQFHeSwvQB1iUeNwTVUyMtcs6i46l4qOPtAt2/9DvHUWEUp01EBDxyi385ZI3vD+FHH/w==",
      "license": "MIT",
      "peer": true,
      "dependencies": {
        "tslib": "^2.3.0"
      },
      "engines": {
        "node": "^18.19.1 || ^20.11.1 || >=22.0.0"
      },
      "peerDependencies": {
        "@angular/core": "18.0.3",
        "rxjs": "^6.5.3 || ^7.4.0"
      }
    },
    "node_modules/@angular/core": {
      "version": "18.0.3",
      "resolved": "https://registry.npmjs.org/@angular/core/-/core-18.0.3.tgz",
      "integrity": "sha512-376hijhEqNpeA+qKncpVTIaZXRdBT6RctEBnFhJ2l57aHPH5S3oaSBQu1k3TEi07FlKOD4XF1+NzX9dvdup1eg==",
      "license": "MIT",
      "peer": true,
      "dependencies": {
        "tslib": "^2.3.0"
      },
      "engines": {
        "node": "^18.19.1 || ^20.11.1 || >=22.0.0"
      },
      "peerDependencies": {
        "rxjs": "^6.5.3 || ^7.4.0",
        "zone.js": "~0.14.0"
      }
    },
    "node_modules/@angular/forms": {
      "version": "18.0.3",
      "resolved": "https://registry.npmjs.org/@angular/forms/-/forms-18.0.3.tgz",
      "integrity": "sha512-+CjDiooUi5FkTP3YQmdO8YRbjZicgLGZonvCdz3mSucLrTY6w3oBocNs6+Kc7fLuO1NKSkFmAfYApBwK3fKBMg==",
      "license": "MIT",
      "peer": true,
      "dependencies": {
        "tslib": "^2.3.0"
      },
      "engines": {
        "node": "^18.19.1 || ^20.11.1 || >=22.0.0"
      },
      "peerDependencies": {
        "@angular/common": "18.0.3",
        "@angular/core": "18.0.3",
        "@angular/platform-browser": "18.0.3",
        "rxjs": "^6.5.3 || ^7.4.0"
      }
    },
    "node_modules/@angular/platform-browser": {
      "version": "18.0.3",
      "resolved": "https://registry.npmjs.org/@angular/platform-browser/-/platform-browser-18.0.3.tgz",
      "integrity": "sha512-1fl/oJOca8BLxLxN0EjwxQZ3xzn3PCCN96ytM54bjdEMiELz+0AcQe5GNKcVjXlwMkibRLl1BP5GIdvnQYqJRA==",
      "license": "MIT",
      "peer": true,
      "dependencies": {
        "tslib": "^2.3.0"
      },
      "engines": {
        "node": "^18.19.1 || ^20.11.1 || >=22.0.0"
      },
      "peerDependencies": {
        "@angular/animations": "18.0.3",
        "@angular/common": "18.0.3",
        "@angular/core": "18.0.3"
      },
      "peerDependenciesMeta": {
        "@angular/animations": {
          "optional": true
        }
      }
    },
    "node_modules/rxjs": {
      "version": "7.8.1",
      "resolved": "https://registry.npmjs.org/rxjs/-/rxjs-7.8.1.tgz",
      "integrity": "sha512-AA3TVj+0A2iuIoQkWEK/tqFjBq2j+6PO6Y0zJcvzLAFhEFIO3HL0vls9hWLncZbAAbK0mar7oZ4V079I/qPMxg==",
      "peer": true,
      "dependencies": {
        "tslib": "^2.1.0"
      }
    },
    "node_modules/tslib": {
      "version": "2.6.2",
      "resolved": "https://registry.npmjs.org/tslib/-/tslib-2.6.2.tgz",
      "integrity": "sha512-AEYxH93jGFPn/a2iVAwW87VuUIkR1FVUKB77NwMF7nBTDkDrrT/Hpt/IrCJ0QXhW27jTBDcf5ZY7w6RiqTMw2Q==",
      "peer": true
    },
    "node_modules/zone.js": {
      "version": "0.14.6",
      "resolved": "https://registry.npmjs.org/zone.js/-/zone.js-0.14.6.tgz",
      "integrity": "sha512-vyRNFqofdaHVdWAy7v3Bzmn84a1JHWSjpuTZROT/uYn8I3p2cmo7Ro9twFmYRQDPhiYOV7QLk0hhY4JJQVqS6Q==",
      "peer": true
    }
  }
}
